{
    "name": "iav-campus-geoportal",
    "version": "1.0.0",
    "lockfileVersion": 2,
    "requires": true,
    "packages": {
        "": {
            "name": "iav-campus-geoportal",
            "version": "1.0.0",
            "license": "MIT",
            "dependencies": {
                "bootstrap": "^5.1.3",
                "metismenu": "^3.0.7"
            }
        },
        "node_modules/@popperjs/core": {
            "version": "2.11.3",
            "resolved": "https://registry.npmjs.org/@popperjs/core/-/core-2.11.3.tgz",
            "integrity": "sha512-8U7hIl7+30XbIrJ0deQMXpXESM1L4yrt6BHok5hzcR0LivivuNkk+tHU1iRVScOwCmQcrOr6kvtIr29MNbQHqQ==",
            "hasInstallScript": true,
            "peer": true,
            "funding": {
                "type": "opencollective",
                "url": "https://opencollective.com/popperjs"
            }
        },
        "node_modules/bootstrap": {
            "version": "5.1.3",
            "resolved": "https://registry.npmjs.org/bootstrap/-/bootstrap-5.1.3.tgz",
            "integrity": "sha512-fcQztozJ8jToQWXxVuEyXWW+dSo8AiXWKwiSSrKWsRB/Qt+Ewwza+JWoLKiTuQLaEPhdNAJ7+Dosc9DOIqNy7Q==",
            "funding": {
                "type": "opencollective",
                "url": "https://opencollective.com/bootstrap"
            },
            "peerDependencies": {
                "@popperjs/core": "^2.10.2"
            }
        },
        "node_modules/jquery": {
            "version": "3.6.0",
            "resolved": "https://registry.npmjs.org/jquery/-/jquery-3.6.0.tgz",
            "integrity": "sha512-JVzAR/AjBvVt2BmYhxRCSYysDsPcssdmTFnzyLEts9qNwmjmu4JTAMYubEfwVOSwpQ1I1sKKFcxhZCI2buerfw==",
            "peer": true
        },
        "node_modules/metismenu": {
            "version": "3.0.7",
            "resolved": "https://registry.npmjs.org/metismenu/-/metismenu-3.0.7.tgz",
            "integrity": "sha512-omMwIAahlzssjSi3xY9ijkhXI8qEaQTqBdJ9lHmfV5Bld2UkxO2h2M3yWsteAlGJ/nSHi4e69WHDE2r18Ickyw==",
            "peerDependencies": {
                "jquery": "^3.4.1"
            }
        }
    },
    "dependencies": {
        "@popperjs/core": {
            "version": "2.11.3",
            "resolved": "https://registry.npmjs.org/@popperjs/core/-/core-2.11.3.tgz",
            "integrity": "sha512-8U7hIl7+30XbIrJ0deQMXpXESM1L4yrt6BHok5hzcR0LivivuNkk+tHU1iRVScOwCmQcrOr6kvtIr29MNbQHqQ==",
            "peer": true
        },
        "bootstrap": {
            "version": "5.1.3",
            "resolved": "https://registry.npmjs.org/bootstrap/-/bootstrap-5.1.3.tgz",
            "integrity": "sha512-fcQztozJ8jToQWXxVuEyXWW+dSo8AiXWKwiSSrKWsRB/Qt+Ewwza+JWoLKiTuQLaEPhdNAJ7+Dosc9DOIqNy7Q==",
            "requires": {}
        },
        "jquery": {
            "version": "3.6.0",
            "resolved": "https://registry.npmjs.org/jquery/-/jquery-3.6.0.tgz",
            "integrity": "sha512-JVzAR/AjBvVt2BmYhxRCSYysDsPcssdmTFnzyLEts9qNwmjmu4JTAMYubEfwVOSwpQ1I1sKKFcxhZCI2buerfw==",
            "peer": true
        },
        "metismenu": {
            "version": "3.0.7",
            "resolved": "https://registry.npmjs.org/metismenu/-/metismenu-3.0.7.tgz",
            "integrity": "sha512-omMwIAahlzssjSi3xY9ijkhXI8qEaQTqBdJ9lHmfV5Bld2UkxO2h2M3yWsteAlGJ/nSHi4e69WHDE2r18Ickyw==",
            "requires": {}
        }
    }
}
